
Microsoft Visual Studio Solution File, Format Version 12.00
# Visual Studio Version 16
VisualStudioVersion = 16.0.30114.105
MinimumVisualStudioVersion = 10.0.40219.1
Project("{FAE04EC0-301F-11D3-BF4B-00C04F79EFBC}") = "BotFights.Core", "BotFights.Core\BotFights.Core.csproj", "{42452BF1-F0D8-450D-B5F5-0C100B204BCA}"
EndProject
Project("{FAE04EC0-301F-11D3-BF4B-00C04F79EFBC}") = "BotFights.Wordle", "BotFights.Wordle\BotFights.Wordle.csproj", "{FC7DF9FC-654E-466F-87CA-BD69B4F2B90C}"
EndProject
Global
	GlobalSection(SolutionConfigurationPlatforms) = preSolution
		Debug|Any CPU = Debug|Any CPU
		Release|Any CPU = Release|Any CPU
	EndGlobalSection
	GlobalSection(SolutionProperties) = preSolution
		HideSolutionNode = FALSE
	EndGlobalSection
	GlobalSection(ProjectConfigurationPlatforms) = postSolution
		{42452BF1-F0D8-450D-B5F5-0C100B204BCA}.Debug|Any CPU.ActiveCfg = Debug|Any CPU
		{42452BF1-F0D8-450D-B5F5-0C100B204BCA}.Debug|Any CPU.Build.0 = Debug|Any CPU
		{42452BF1-F0D8-450D-B5F5-0C100B204BCA}.Release|Any CPU.ActiveCfg = Release|Any CPU
		{42452BF1-F0D8-450D-B5F5-0C100B204BCA}.Release|Any CPU.Build.0 = Release|Any CPU
		{FC7DF9FC-654E-466F-87CA-BD69B4F2B90C}.Debug|Any CPU.ActiveCfg = Debug|Any CPU
		{FC7DF9FC-654E-466F-87CA-BD69B4F2B90C}.Debug|Any CPU.Build.0 = Debug|Any CPU
		{FC7DF9FC-654E-466F-87CA-BD69B4F2B90C}.Release|Any CPU.ActiveCfg = Release|Any CPU
		{FC7DF9FC-654E-466F-87CA-BD69B4F2B90C}.Release|Any CPU.Build.0 = Release|Any CPU
	EndGlobalSection
EndGlobal
